
Microsoft Visual Studio Solution File, Format Version 12.00
# Visual Studio Version 16
VisualStudioVersion = 16.0.30611.23
MinimumVisualStudioVersion = 10.0.40219.1
Project("{FAE04EC0-301F-11D3-BF4B-00C04F79EFBC}") = "MVC5Demo", "MVC5Demo.csproj", "{6D6C4207-47FB-4C3D-9565-A62873FD1100}"
EndProject
Global
	GlobalSection(SolutionConfigurationPlatforms) = preSolution
		Debug|Any CPU = Debug|Any CPU
		Release|Any CPU = Release|Any CPU
	EndGlobalSection
	GlobalSection(ProjectConfigurationPlatforms) = postSolution
		{6D6C4207-47FB-4C3D-9565-A62873FD1100}.Debug|Any CPU.ActiveCfg = Debug|Any CPU
		{6D6C4207-47FB-4C3D-9565-A62873FD1100}.Debug|Any CPU.Build.0 = Debug|Any CPU
		{6D6C4207-47FB-4C3D-9565-A62873FD1100}.Release|Any CPU.ActiveCfg = Release|Any CPU
		{6D6C4207-47FB-4C3D-9565-A62873FD1100}.Release|Any CPU.Build.0 = Release|Any CPU
	EndGlobalSection
	GlobalSection(SolutionProperties) = preSolution
		HideSolutionNode = FALSE
	EndGlobalSection
	GlobalSection(ExtensibilityGlobals) = postSolution
		SolutionGuid = {60CB3E2D-F48C-4F33-B18B-D9393557291E}
	EndGlobalSection
EndGlobal
